// !$*UTF8*$!
{
	archiveVersion = 1;
	classes = {
	};
	objectVersion = 56;
	objects = {

/* Begin PBXBuildFile section */
		2E2801F32CB3FCE5009886B0 /* AppDelegate.swift in Sources */ = {isa = PBXBuildFile; fileRef = 2E2801F22CB3FCE5009886B0 /* AppDelegate.swift */; };
		2E2801F52CB3FCE5009886B0 /* SceneDelegate.swift in Sources */ = {isa = PBXBuildFile; fileRef = 2E2801F42CB3FCE5009886B0 /* SceneDelegate.swift */; };
		2E2801FC2CB3FCE7009886B0 /* Assets.xcassets in Resources */ = {isa = PBXBuildFile; fileRef = 2E2801FB2CB3FCE7009886B0 /* Assets.xcassets */; };
		2E2801FF2CB3FCE7009886B0 /* LaunchScreen.storyboard in Resources */ = {isa = PBXBuildFile; fileRef = 2E2801FD2CB3FCE7009886B0 /* LaunchScreen.storyboard */; };
		2E28020A2CB3FCE7009886B0 /* TrafficLightsViewControllerTests.swift in Sources */ = {isa = PBXBuildFile; fileRef = 2E2802092CB3FCE7009886B0 /* TrafficLightsViewControllerTests.swift */; };
		2E2802142CB3FCE7009886B0 /* TrafficLightsUITests.swift in Sources */ = {isa = PBXBuildFile; fileRef = 2E2802132CB3FCE7009886B0 /* TrafficLightsUITests.swift */; };
		2E2802162CB3FCE7009886B0 /* TrafficLightsUITestsLaunchTests.swift in Sources */ = {isa = PBXBuildFile; fileRef = 2E2802152CB3FCE7009886B0 /* TrafficLightsUITestsLaunchTests.swift */; };
		2E2802232CB40034009886B0 /* CarViewController.swift in Sources */ = {isa = PBXBuildFile; fileRef = 2E2802222CB40034009886B0 /* CarViewController.swift */; };
		2E2802252CB40278009886B0 /* makes.json in Resources */ = {isa = PBXBuildFile; fileRef = 2E2802242CB40278009886B0 /* makes.json */; };
		2E2802272CB40EA9009886B0 /* TrafficLightsViewController.swift in Sources */ = {isa = PBXBuildFile; fileRef = 2E2802262CB40EA9009886B0 /* TrafficLightsViewController.swift */; };
		2E2802292CB41B3F009886B0 /* UIView+Extensions.swift in Sources */ = {isa = PBXBuildFile; fileRef = 2E2802282CB41B3F009886B0 /* UIView+Extensions.swift */; };
		2E28022B2CB428FF009886B0 /* CarViewControllerTests.swift in Sources */ = {isa = PBXBuildFile; fileRef = 2E28022A2CB428FE009886B0 /* CarViewControllerTests.swift */; };
/* End PBXBuildFile section */

/* Begin PBXContainerItemProxy section */
		2E2802062CB3FCE7009886B0 /* PBXContainerItemProxy */ = {
			isa = PBXContainerItemProxy;
			containerPortal = 2E2801E72CB3FCE5009886B0 /* Project object */;
			proxyType = 1;
			remoteGlobalIDString = 2E2801EE2CB3FCE5009886B0;
			remoteInfo = TrafficLights;
		};
		2E2802102CB3FCE7009886B0 /* PBXContainerItemProxy */ = {
			isa = PBXContainerItemProxy;
			containerPortal = 2E2801E72CB3FCE5009886B0 /* Project object */;
			proxyType = 1;
			remoteGlobalIDString = 2E2801EE2CB3FCE5009886B0;
			remoteInfo = TrafficLights;
		};
/* End PBXContainerItemProxy section */

/* Begin PBXFileReference section */
		2E2801EF2CB3FCE5009886B0 /* TrafficLights.app */ = {isa = PBXFileReference; explicitFileType = wrapper.application; includeInIndex = 0; path = TrafficLights.app; sourceTree = BUILT_PRODUCTS_DIR; };
		2E2801F22CB3FCE5009886B0 /* AppDelegate.swift */ = {isa = PBXFileReference; lastKnownFileType = sourcecode.swift; path = AppDelegate.swift; sourceTree = "<group>"; };
		2E2801F42CB3FCE5009886B0 /* SceneDelegate.swift */ = {isa = PBXFileReference; lastKnownFileType = sourcecode.swift; path = SceneDelegate.swift; sourceTree = "<group>"; };
		2E2801FB2CB3FCE7009886B0 /* Assets.xcassets */ = {isa = PBXFileReference; lastKnownFileType = folder.assetcatalog; path = Assets.xcassets; sourceTree = "<group>"; };
		2E2801FE2CB3FCE7009886B0 /* Base */ = {isa = PBXFileReference; lastKnownFileType = file.storyboard; name = Base; path = Base.lproj/LaunchScreen.storyboard; sourceTree = "<group>"; };
		2E2802002CB3FCE7009886B0 /* Info.plist */ = {isa = PBXFileReference; lastKnownFileType = text.plist.xml; path = Info.plist; sourceTree = "<group>"; };
		2E2802052CB3FCE7009886B0 /* TrafficLightsTests.xctest */ = {isa = PBXFileReference; explicitFileType = wrapper.cfbundle; includeInIndex = 0; path = TrafficLightsTests.xctest; sourceTree = BUILT_PRODUCTS_DIR; };
		2E2802092CB3FCE7009886B0 /* TrafficLightsViewControllerTests.swift */ = {isa = PBXFileReference; lastKnownFileType = sourcecode.swift; path = TrafficLightsViewControllerTests.swift; sourceTree = "<group>"; };
		2E28020F2CB3FCE7009886B0 /* TrafficLightsUITests.xctest */ = {isa = PBXFileReference; explicitFileType = wrapper.cfbundle; includeInIndex = 0; path = TrafficLightsUITests.xctest; sourceTree = BUILT_PRODUCTS_DIR; };
		2E2802132CB3FCE7009886B0 /* TrafficLightsUITests.swift */ = {isa = PBXFileReference; lastKnownFileType = sourcecode.swift; path = TrafficLightsUITests.swift; sourceTree = "<group>"; };
		2E2802152CB3FCE7009886B0 /* TrafficLightsUITestsLaunchTests.swift */ = {isa = PBXFileReference; lastKnownFileType = sourcecode.swift; path = TrafficLightsUITestsLaunchTests.swift; sourceTree = "<group>"; };
		2E2802222CB40034009886B0 /* CarViewController.swift */ = {isa = PBXFileReference; lastKnownFileType = sourcecode.swift; path = CarViewController.swift; sourceTree = "<group>"; };
		2E2802242CB40278009886B0 /* makes.json */ = {isa = PBXFileReference; fileEncoding = 4; lastKnownFileType = text.json; path = makes.json; sourceTree = "<group>"; };
		2E2802262CB40EA9009886B0 /* TrafficLightsViewController.swift */ = {isa = PBXFileReference; lastKnownFileType = sourcecode.swift; path = TrafficLightsViewController.swift; sourceTree = "<group>"; };
		2E2802282CB41B3F009886B0 /* UIView+Extensions.swift */ = {isa = PBXFileReference; lastKnownFileType = sourcecode.swift; path = "UIView+Extensions.swift"; sourceTree = "<group>"; };
		2E28022A2CB428FE009886B0 /* CarViewControllerTests.swift */ = {isa = PBXFileReference; lastKnownFileType = sourcecode.swift; path = CarViewControllerTests.swift; sourceTree = "<group>"; };
/* End PBXFileReference section */

/* Begin PBXFrameworksBuildPhase section */
		2E2801EC2CB3FCE5009886B0 /* Frameworks */ = {
			isa = PBXFrameworksBuildPhase;
			buildActionMask = 2147483647;
			files = (
			);
			runOnlyForDeploymentPostprocessing = 0;
		};
		2E2802022CB3FCE7009886B0 /* Frameworks */ = {
			isa = PBXFrameworksBuildPhase;
			buildActionMask = 2147483647;
			files = (
			);
			runOnlyForDeploymentPostprocessing = 0;
		};
		2E28020C2CB3FCE7009886B0 /* Frameworks */ = {
			isa = PBXFrameworksBuildPhase;
			buildActionMask = 2147483647;
			files = (
			);
			runOnlyForDeploymentPostprocessing = 0;
		};
/* End PBXFrameworksBuildPhase section */

/* Begin PBXGroup section */
		2E2801E62CB3FCE5009886B0 = {
			isa = PBXGroup;
			children = (
				2E2801F12CB3FCE5009886B0 /* TrafficLights */,
				2E2802082CB3FCE7009886B0 /* TrafficLightsTests */,
				2E2802122CB3FCE7009886B0 /* TrafficLightsUITests */,
				2E2801F02CB3FCE5009886B0 /* Products */,
			);
			sourceTree = "<group>";
		};
		2E2801F02CB3FCE5009886B0 /* Products */ = {
			isa = PBXGroup;
			children = (
				2E2801EF2CB3FCE5009886B0 /* TrafficLights.app */,
				2E2802052CB3FCE7009886B0 /* TrafficLightsTests.xctest */,
				2E28020F2CB3FCE7009886B0 /* TrafficLightsUITests.xctest */,
			);
			name = Products;
			sourceTree = "<group>";
		};
		2E2801F12CB3FCE5009886B0 /* TrafficLights */ = {
			isa = PBXGroup;
			children = (
				2E2802242CB40278009886B0 /* makes.json */,
				2E2801F22CB3FCE5009886B0 /* AppDelegate.swift */,
				2E2801F42CB3FCE5009886B0 /* SceneDelegate.swift */,
				2E2801FB2CB3FCE7009886B0 /* Assets.xcassets */,
				2E2801FD2CB3FCE7009886B0 /* LaunchScreen.storyboard */,
				2E2802002CB3FCE7009886B0 /* Info.plist */,
				2E2802222CB40034009886B0 /* CarViewController.swift */,
				2E2802262CB40EA9009886B0 /* TrafficLightsViewController.swift */,
				2E2802282CB41B3F009886B0 /* UIView+Extensions.swift */,
			);
			path = TrafficLights;
			sourceTree = "<group>";
		};
		2E2802082CB3FCE7009886B0 /* TrafficLightsTests */ = {
			isa = PBXGroup;
			children = (
				2E2802092CB3FCE7009886B0 /* TrafficLightsViewControllerTests.swift */,
				2E28022A2CB428FE009886B0 /* CarViewControllerTests.swift */,
			);
			path = TrafficLightsTests;
			sourceTree = "<group>";
		};
		2E2802122CB3FCE7009886B0 /* TrafficLightsUITests */ = {
			isa = PBXGroup;
			children = (
				2E2802132CB3FCE7009886B0 /* TrafficLightsUITests.swift */,
				2E2802152CB3FCE7009886B0 /* TrafficLightsUITestsLaunchTests.swift */,
			);
			path = TrafficLightsUITests;
			sourceTree = "<group>";
		};
/* End PBXGroup section */

/* Begin PBXNativeTarget section */
		2E2801EE2CB3FCE5009886B0 /* TrafficLights */ = {
			isa = PBXNativeTarget;
			buildConfigurationList = 2E2802192CB3FCE7009886B0 /* Build configuration list for PBXNativeTarget "TrafficLights" */;
			buildPhases = (
				2E2801EB2CB3FCE5009886B0 /* Sources */,
				2E2801EC2CB3FCE5009886B0 /* Frameworks */,
				2E2801ED2CB3FCE5009886B0 /* Resources */,
			);
			buildRules = (
			);
			dependencies = (
			);
			name = TrafficLights;
			productName = TrafficLights;
			productReference = 2E2801EF2CB3FCE5009886B0 /* TrafficLights.app */;
			productType = "com.apple.product-type.application";
		};
		2E2802042CB3FCE7009886B0 /* TrafficLightsTests */ = {
			isa = PBXNativeTarget;
			buildConfigurationList = 2E28021C2CB3FCE7009886B0 /* Build configuration list for PBXNativeTarget "TrafficLightsTests" */;
			buildPhases = (
				2E2802012CB3FCE7009886B0 /* Sources */,
				2E2802022CB3FCE7009886B0 /* Frameworks */,
				2E2802032CB3FCE7009886B0 /* Resources */,
			);
			buildRules = (
			);
			dependencies = (
				2E2802072CB3FCE7009886B0 /* PBXTargetDependency */,
			);
			name = TrafficLightsTests;
			productName = TrafficLightsTests;
			productReference = 2E2802052CB3FCE7009886B0 /* TrafficLightsTests.xctest */;
			productType = "com.apple.product-type.bundle.unit-test";
		};
		2E28020E2CB3FCE7009886B0 /* TrafficLightsUITests */ = {
			isa = PBXNativeTarget;
			buildConfigurationList = 2E28021F2CB3FCE7009886B0 /* Build configuration list for PBXNativeTarget "TrafficLightsUITests" */;
			buildPhases = (
				2E28020B2CB3FCE7009886B0 /* Sources */,
				2E28020C2CB3FCE7009886B0 /* Frameworks */,
				2E28020D2CB3FCE7009886B0 /* Resources */,
			);
			buildRules = (
			);
			dependencies = (
				2E2802112CB3FCE7009886B0 /* PBXTargetDependency */,
			);
			name = TrafficLightsUITests;
			productName = TrafficLightsUITests;
			productReference = 2E28020F2CB3FCE7009886B0 /* TrafficLightsUITests.xctest */;
			productType = "com.apple.product-type.bundle.ui-testing";
		};
/* End PBXNativeTarget section */

/* Begin PBXProject section */
		2E2801E72CB3FCE5009886B0 /* Project object */ = {
			isa = PBXProject;
			attributes = {
				BuildIndependentTargetsInParallel = 1;
				LastSwiftUpdateCheck = 1420;
				LastUpgradeCheck = 1420;
				TargetAttributes = {
					2E2801EE2CB3FCE5009886B0 = {
						CreatedOnToolsVersion = 14.2;
					};
					2E2802042CB3FCE7009886B0 = {
						CreatedOnToolsVersion = 14.2;
						TestTargetID = 2E2801EE2CB3FCE5009886B0;
					};
					2E28020E2CB3FCE7009886B0 = {
						CreatedOnToolsVersion = 14.2;
						TestTargetID = 2E2801EE2CB3FCE5009886B0;
					};
				};
			};
			buildConfigurationList = 2E2801EA2CB3FCE5009886B0 /* Build configuration list for PBXProject "TrafficLights" */;
			compatibilityVersion = "Xcode 14.0";
			developmentRegion = en;
			hasScannedForEncodings = 0;
			knownRegions = (
				en,
				Base,
			);
			mainGroup = 2E2801E62CB3FCE5009886B0;
			productRefGroup = 2E2801F02CB3FCE5009886B0 /* Products */;
			projectDirPath = "";
			projectRoot = "";
			targets = (
				2E2801EE2CB3FCE5009886B0 /* TrafficLights */,
				2E2802042CB3FCE7009886B0 /* TrafficLightsTests */,
				2E28020E2CB3FCE7009886B0 /* TrafficLightsUITests */,
			);
		};
/* End PBXProject section */

/* Begin PBXResourcesBuildPhase section */
		2E2801ED2CB3FCE5009886B0 /* Resources */ = {
			isa = PBXResourcesBuildPhase;
			buildActionMask = 2147483647;
			files = (
				2E2801FF2CB3FCE7009886B0 /* LaunchScreen.storyboard in Resources */,
				2E2801FC2CB3FCE7009886B0 /* Assets.xcassets in Resources */,
				2E2802252CB40278009886B0 /* makes.json in Resources */,
			);
			runOnlyForDeploymentPostprocessing = 0;
		};
		2E2802032CB3FCE7009886B0 /* Resources */ = {
			isa = PBXResourcesBuildPhase;
			buildActionMask = 2147483647;
			files = (
			);
			runOnlyForDeploymentPostprocessing = 0;
		};
		2E28020D2CB3FCE7009886B0 /* Resources */ = {
			isa = PBXResourcesBuildPhase;
			buildActionMask = 2147483647;
			files = (
			);
			runOnlyForDeploymentPostprocessing = 0;
		};
/* End PBXResourcesBuildPhase section */

/* Begin PBXSourcesBuildPhase section */
		2E2801EB2CB3FCE5009886B0 /* Sources */ = {
			isa = PBXSourcesBuildPhase;
			buildActionMask = 2147483647;
			files = (
				2E2801F32CB3FCE5009886B0 /* AppDelegate.swift in Sources */,
				2E2802232CB40034009886B0 /* CarViewController.swift in Sources */,
				2E2802292CB41B3F009886B0 /* UIView+Extensions.swift in Sources */,
				2E2801F52CB3FCE5009886B0 /* SceneDelegate.swift in Sources */,
				2E2802272CB40EA9009886B0 /* TrafficLightsViewController.swift in Sources */,
			);
			runOnlyForDeploymentPostprocessing = 0;
		};
		2E2802012CB3FCE7009886B0 /* Sources */ = {
			isa = PBXSourcesBuildPhase;
			buildActionMask = 2147483647;
			files = (
				2E28020A2CB3FCE7009886B0 /* TrafficLightsViewControllerTests.swift in Sources */,
				2E28022B2CB428FF009886B0 /* CarViewControllerTests.swift in Sources */,
			);
			runOnlyForDeploymentPostprocessing = 0;
		};
		2E28020B2CB3FCE7009886B0 /* Sources */ = {
			isa = PBXSourcesBuildPhase;
			buildActionMask = 2147483647;
			files = (
				2E2802142CB3FCE7009886B0 /* TrafficLightsUITests.swift in Sources */,
				2E2802162CB3FCE7009886B0 /* TrafficLightsUITestsLaunchTests.swift in Sources */,
			);
			runOnlyForDeploymentPostprocessing = 0;
		};
/* End PBXSourcesBuildPhase section */

/* Begin PBXTargetDependency section */
		2E2802072CB3FCE7009886B0 /* PBXTargetDependency */ = {
			isa = PBXTargetDependency;
			target = 2E2801EE2CB3FCE5009886B0 /* TrafficLights */;
			targetProxy = 2E2802062CB3FCE7009886B0 /* PBXContainerItemProxy */;
		};
		2E2802112CB3FCE7009886B0 /* PBXTargetDependency */ = {
			isa = PBXTargetDependency;
			target = 2E2801EE2CB3FCE5009886B0 /* TrafficLights */;
			targetProxy = 2E2802102CB3FCE7009886B0 /* PBXContainerItemProxy */;
		};
/* End PBXTargetDependency section */

/* Begin PBXVariantGroup section */
		2E2801FD2CB3FCE7009886B0 /* LaunchScreen.storyboard */ = {
			isa = PBXVariantGroup;
			children = (
				2E2801FE2CB3FCE7009886B0 /* Base */,
			);
			name = LaunchScreen.storyboard;
			sourceTree = "<group>";
		};
/* End PBXVariantGroup section */

/* Begin XCBuildConfiguration section */
		2E2802172CB3FCE7009886B0 /* Debug */ = {
			isa = XCBuildConfiguration;
			buildSettings = {
				ALWAYS_SEARCH_USER_PATHS = NO;
				CLANG_ANALYZER_NONNULL = YES;
				CLANG_ANALYZER_NUMBER_OBJECT_CONVERSION = YES_AGGRESSIVE;
				CLANG_CXX_LANGUAGE_STANDARD = "gnu++20";
				CLANG_ENABLE_MODULES = YES;
				CLANG_ENABLE_OBJC_ARC = YES;
				CLANG_ENABLE_OBJC_WEAK = YES;
				CLANG_WARN_BLOCK_CAPTURE_AUTORELEASING = YES;
				CLANG_WARN_BOOL_CONVERSION = YES;
				CLANG_WARN_COMMA = YES;
				CLANG_WARN_CONSTANT_CONVERSION = YES;
				CLANG_WARN_DEPRECATED_OBJC_IMPLEMENTATIONS = YES;
				CLANG_WARN_DIRECT_OBJC_ISA_USAGE = YES_ERROR;
				CLANG_WARN_DOCUMENTATION_COMMENTS = YES;
				CLANG_WARN_EMPTY_BODY = YES;
				CLANG_WARN_ENUM_CONVERSION = YES;
				CLANG_WARN_INFINITE_RECURSION = YES;
				CLANG_WARN_INT_CONVERSION = YES;
				CLANG_WARN_NON_LITERAL_NULL_CONVERSION = YES;
				CLANG_WARN_OBJC_IMPLICIT_RETAIN_SELF = YES;
				CLANG_WARN_OBJC_LITERAL_CONVERSION = YES;
				CLANG_WARN_OBJC_ROOT_CLASS = YES_ERROR;
				CLANG_WARN_QUOTED_INCLUDE_IN_FRAMEWORK_HEADER = YES;
				CLANG_WARN_RANGE_LOOP_ANALYSIS = YES;
				CLANG_WARN_STRICT_PROTOTYPES = YES;
				CLANG_WARN_SUSPICIOUS_MOVE = YES;
				CLANG_WARN_UNGUARDED_AVAILABILITY = YES_AGGRESSIVE;
				CLANG_WARN_UNREACHABLE_CODE = YES;
				CLANG_WARN__DUPLICATE_METHOD_MATCH = YES;
				COPY_PHASE_STRIP = NO;
				DEBUG_INFORMATION_FORMAT = dwarf;
				ENABLE_STRICT_OBJC_MSGSEND = YES;
				ENABLE_TESTABILITY = YES;
				GCC_C_LANGUAGE_STANDARD = gnu11;
				GCC_DYNAMIC_NO_PIC = NO;
				GCC_NO_COMMON_BLOCKS = YES;
				GCC_OPTIMIZATION_LEVEL = 0;
				GCC_PREPROCESSOR_DEFINITIONS = (
					"DEBUG=1",
					"$(inherited)",
				);
				GCC_WARN_64_TO_32_BIT_CONVERSION = YES;
				GCC_WARN_ABOUT_RETURN_TYPE = YES_ERROR;
				GCC_WARN_UNDECLARED_SELECTOR = YES;
				GCC_WARN_UNINITIALIZED_AUTOS = YES_AGGRESSIVE;
				GCC_WARN_UNUSED_FUNCTION = YES;
				GCC_WARN_UNUSED_VARIABLE = YES;
				IPHONEOS_DEPLOYMENT_TARGET = 16.2;
				MTL_ENABLE_DEBUG_INFO = INCLUDE_SOURCE;
				MTL_FAST_MATH = YES;
				ONLY_ACTIVE_ARCH = YES;
				SDKROOT = iphoneos;
				SWIFT_ACTIVE_COMPILATION_CONDITIONS = DEBUG;
				SWIFT_OPTIMIZATION_LEVEL = "-Onone";
			};
			name = Debug;
		};
		2E2802182CB3FCE7009886B0 /* Release */ = {
			isa = XCBuildConfiguration;
			buildSettings = {
				ALWAYS_SEARCH_USER_PATHS = NO;
				CLANG_ANALYZER_NONNULL = YES;
				CLANG_ANALYZER_NUMBER_OBJECT_CONVERSION = YES_AGGRESSIVE;
				CLANG_CXX_LANGUAGE_STANDARD = "gnu++20";
				CLANG_ENABLE_MODULES = YES;
				CLANG_ENABLE_OBJC_ARC = YES;
				CLANG_ENABLE_OBJC_WEAK = YES;
				CLANG_WARN_BLOCK_CAPTURE_AUTORELEASING = YES;
				CLANG_WARN_BOOL_CONVERSION = YES;
				CLANG_WARN_COMMA = YES;
				CLANG_WARN_CONSTANT_CONVERSION = YES;
				CLANG_WARN_DEPRECATED_OBJC_IMPLEMENTATIONS = YES;
				CLANG_WARN_DIRECT_OBJC_ISA_USAGE = YES_ERROR;
				CLANG_WARN_DOCUMENTATION_COMMENTS = YES;
				CLANG_WARN_EMPTY_BODY = YES;
				CLANG_WARN_ENUM_CONVERSION = YES;
				CLANG_WARN_INFINITE_RECURSION = YES;
				CLANG_WARN_INT_CONVERSION = YES;
				CLANG_WARN_NON_LITERAL_NULL_CONVERSION = YES;
				CLANG_WARN_OBJC_IMPLICIT_RETAIN_SELF = YES;
				CLANG_WARN_OBJC_LITERAL_CONVERSION = YES;
				CLANG_WARN_OBJC_ROOT_CLASS = YES_ERROR;
				CLANG_WARN_QUOTED_INCLUDE_IN_FRAMEWORK_HEADER = YES;
				CLANG_WARN_RANGE_LOOP_ANALYSIS = YES;
				CLANG_WARN_STRICT_PROTOTYPES = YES;
				CLANG_WARN_SUSPICIOUS_MOVE = YES;
				CLANG_WARN_UNGUARDED_AVAILABILITY = YES_AGGRESSIVE;
				CLANG_WARN_UNREACHABLE_CODE = YES;
				CLANG_WARN__DUPLICATE_METHOD_MATCH = YES;
				COPY_PHASE_STRIP = NO;
				DEBUG_INFORMATION_FORMAT = "dwarf-with-dsym";
				ENABLE_NS_ASSERTIONS = NO;
				ENABLE_STRICT_OBJC_MSGSEND = YES;
				GCC_C_LANGUAGE_STANDARD = gnu11;
				GCC_NO_COMMON_BLOCKS = YES;
				GCC_WARN_64_TO_32_BIT_CONVERSION = YES;
				GCC_WARN_ABOUT_RETURN_TYPE = YES_ERROR;
				GCC_WARN_UNDECLARED_SELECTOR = YES;
				GCC_WARN_UNINITIALIZED_AUTOS = YES_AGGRESSIVE;
				GCC_WARN_UNUSED_FUNCTION = YES;
				GCC_WARN_UNUSED_VARIABLE = YES;
				IPHONEOS_DEPLOYMENT_TARGET = 16.2;
				MTL_ENABLE_DEBUG_INFO = NO;
				MTL_FAST_MATH = YES;
				SDKROOT = iphoneos;
				SWIFT_COMPILATION_MODE = wholemodule;
				SWIFT_OPTIMIZATION_LEVEL = "-O";
				VALIDATE_PRODUCT = YES;
			};
			name = Release;
		};
		2E28021A2CB3FCE7009886B0 /* Debug */ = {
			isa = XCBuildConfiguration;
			buildSettings = {
				ASSETCATALOG_COMPILER_APPICON_NAME = AppIcon;
				ASSETCATALOG_COMPILER_GLOBAL_ACCENT_COLOR_NAME = AccentColor;
				CODE_SIGN_STYLE = Automatic;
				CURRENT_PROJECT_VERSION = 1;
				DEVELOPMENT_TEAM = Q36AS37JD4;
				GENERATE_INFOPLIST_FILE = YES;
				INFOPLIST_FILE = TrafficLights/Info.plist;
				INFOPLIST_KEY_UIApplicationSupportsIndirectInputEvents = YES;
				INFOPLIST_KEY_UILaunchStoryboardName = LaunchScreen;
				INFOPLIST_KEY_UISupportedInterfaceOrientations_iPad = "UIInterfaceOrientationPortrait UIInterfaceOrientationPortraitUpsideDown UIInterfaceOrientationLandscapeLeft UIInterfaceOrientationLandscapeRight";
				INFOPLIST_KEY_UISupportedInterfaceOrientations_iPhone = "UIInterfaceOrientationPortrait UIInterfaceOrientationLandscapeLeft UIInterfaceOrientationLandscapeRight";
				LD_RUNPATH_SEARCH_PATHS = (
					"$(inherited)",
					"@executable_path/Frameworks",
				);
				MARKETING_VERSION = 1.0;
				PRODUCT_BUNDLE_IDENTIFIER = alexander.TrafficLights;
				PRODUCT_NAME = "$(TARGET_NAME)";
				SWIFT_EMIT_LOC_STRINGS = YES;
				SWIFT_VERSION = 5.0;
				TARGETED_DEVICE_FAMILY = "1,2";
			};
			name = Debug;
		};
		2E28021B2CB3FCE7009886B0 /* Release */ = {
			isa = XCBuildConfiguration;
			buildSettings = {
				ASSETCATALOG_COMPILER_APPICON_NAME = AppIcon;
				ASSETCATALOG_COMPILER_GLOBAL_ACCENT_COLOR_NAME = AccentColor;
				CODE_SIGN_STYLE = Automatic;
				CURRENT_PROJECT_VERSION = 1;
				DEVELOPMENT_TEAM = Q36AS37JD4;
				GENERATE_INFOPLIST_FILE = YES;
				INFOPLIST_FILE = TrafficLights/Info.plist;
				INFOPLIST_KEY_UIApplicationSupportsIndirectInputEvents = YES;
				INFOPLIST_KEY_UILaunchStoryboardName = LaunchScreen;
				INFOPLIST_KEY_UISupportedInterfaceOrientations_iPad = "UIInterfaceOrientationPortrait UIInterfaceOrientationPortraitUpsideDown UIInterfaceOrientationLandscapeLeft UIInterfaceOrientationLandscapeRight";
				INFOPLIST_KEY_UISupportedInterfaceOrientations_iPhone = "UIInterfaceOrientationPortrait UIInterfaceOrientationLandscapeLeft UIInterfaceOrientationLandscapeRight";
				LD_RUNPATH_SEARCH_PATHS = (
					"$(inherited)",
					"@executable_path/Frameworks",
				);
				MARKETING_VERSION = 1.0;
				PRODUCT_BUNDLE_IDENTIFIER = alexander.TrafficLights;
				PRODUCT_NAME = "$(TARGET_NAME)";
				SWIFT_EMIT_LOC_STRINGS = YES;
				SWIFT_VERSION = 5.0;
				TARGETED_DEVICE_FAMILY = "1,2";
			};
			name = Release;
		};
		2E28021D2CB3FCE7009886B0 /* Debug */ = {
			isa = XCBuildConfiguration;
			buildSettings = {
				ALWAYS_EMBED_SWIFT_STANDARD_LIBRARIES = YES;
				BUNDLE_LOADER = "$(TEST_HOST)";
				CODE_SIGN_STYLE = Automatic;
				CURRENT_PROJECT_VERSION = 1;
				DEVELOPMENT_TEAM = Q36AS37JD4;
				GENERATE_INFOPLIST_FILE = YES;
				IPHONEOS_DEPLOYMENT_TARGET = 16.2;
				MARKETING_VERSION = 1.0;
				PRODUCT_BUNDLE_IDENTIFIER = alexander.TrafficLightsTests;
				PRODUCT_NAME = "$(TARGET_NAME)";
				SWIFT_EMIT_LOC_STRINGS = NO;
				SWIFT_VERSION = 5.0;
				TARGETED_DEVICE_FAMILY = "1,2";
				TEST_HOST = "$(BUILT_PRODUCTS_DIR)/TrafficLights.app/$(BUNDLE_EXECUTABLE_FOLDER_PATH)/TrafficLights";
			};
			name = Debug;
		};
		2E28021E2CB3FCE7009886B0 /* Release */ = {
			isa = XCBuildConfiguration;
			buildSettings = {
				ALWAYS_EMBED_SWIFT_STANDARD_LIBRARIES = YES;
				BUNDLE_LOADER = "$(TEST_HOST)";
				CODE_SIGN_STYLE = Automatic;
				CURRENT_PROJECT_VERSION = 1;
				DEVELOPMENT_TEAM = Q36AS37JD4;
				GENERATE_INFOPLIST_FILE = YES;
				IPHONEOS_DEPLOYMENT_TARGET = 16.2;
				MARKETING_VERSION = 1.0;
				PRODUCT_BUNDLE_IDENTIFIER = alexander.TrafficLightsTests;
				PRODUCT_NAME = "$(TARGET_NAME)";
				SWIFT_EMIT_LOC_STRINGS = NO;
				SWIFT_VERSION = 5.0;
				TARGETED_DEVICE_FAMILY = "1,2";
				TEST_HOST = "$(BUILT_PRODUCTS_DIR)/TrafficLights.app/$(BUNDLE_EXECUTABLE_FOLDER_PATH)/TrafficLights";
			};
			name = Release;
		};
		2E2802202CB3FCE7009886B0 /* Debug */ = {
			isa = XCBuildConfiguration;
			buildSettings = {
				ALWAYS_EMBED_SWIFT_STANDARD_LIBRARIES = YES;
				CODE_SIGN_STYLE = Automatic;
				CURRENT_PROJECT_VERSION = 1;
				DEVELOPMENT_TEAM = Q36AS37JD4;
				GENERATE_INFOPLIST_FILE = YES;
				MARKETING_VERSION = 1.0;
				PRODUCT_BUNDLE_IDENTIFIER = alexander.TrafficLightsUITests;
				PRODUCT_NAME = "$(TARGET_NAME)";
				SWIFT_EMIT_LOC_STRINGS = NO;
				SWIFT_VERSION = 5.0;
				TARGETED_DEVICE_FAMILY = "1,2";
				TEST_TARGET_NAME = TrafficLights;
			};
			name = Debug;
		};
		2E2802212CB3FCE7009886B0 /* Release */ = {
			isa = XCBuildConfiguration;
			buildSettings = {
				ALWAYS_EMBED_SWIFT_STANDARD_LIBRARIES = YES;
				CODE_SIGN_STYLE = Automatic;
				CURRENT_PROJECT_VERSION = 1;
				DEVELOPMENT_TEAM = Q36AS37JD4;
				GENERATE_INFOPLIST_FILE = YES;
				MARKETING_VERSION = 1.0;
				PRODUCT_BUNDLE_IDENTIFIER = alexander.TrafficLightsUITests;
				PRODUCT_NAME = "$(TARGET_NAME)";
				SWIFT_EMIT_LOC_STRINGS = NO;
				SWIFT_VERSION = 5.0;
				TARGETED_DEVICE_FAMILY = "1,2";
				TEST_TARGET_NAME = TrafficLights;
			};
			name = Release;
		};
/* End XCBuildConfiguration section */

/* Begin XCConfigurationList section */
		2E2801EA2CB3FCE5009886B0 /* Build configuration list for PBXProject "TrafficLights" */ = {
			isa = XCConfigurationList;
			buildConfigurations = (
				2E2802172CB3FCE7009886B0 /* Debug */,
				2E2802182CB3FCE7009886B0 /* Release */,
			);
			defaultConfigurationIsVisible = 0;
			defaultConfigurationName = Release;
		};
		2E2802192CB3FCE7009886B0 /* Build configuration list for PBXNativeTarget "TrafficLights" */ = {
			isa = XCConfigurationList;
			buildConfigurations = (
				2E28021A2CB3FCE7009886B0 /* Debug */,
				2E28021B2CB3FCE7009886B0 /* Release */,
			);
			defaultConfigurationIsVisible = 0;
			defaultConfigurationName = Release;
		};
		2E28021C2CB3FCE7009886B0 /* Build configuration list for PBXNativeTarget "TrafficLightsTests" */ = {
			isa = XCConfigurationList;
			buildConfigurations = (
				2E28021D2CB3FCE7009886B0 /* Debug */,
				2E28021E2CB3FCE7009886B0 /* Release */,
			);
			defaultConfigurationIsVisible = 0;
			defaultConfigurationName = Release;
		};
		2E28021F2CB3FCE7009886B0 /* Build configuration list for PBXNativeTarget "TrafficLightsUITests" */ = {
			isa = XCConfigurationList;
			buildConfigurations = (
				2E2802202CB3FCE7009886B0 /* Debug */,
				2E2802212CB3FCE7009886B0 /* Release */,
			);
			defaultConfigurationIsVisible = 0;
			defaultConfigurationName = Release;
		};
/* End XCConfigurationList section */
	};
	rootObject = 2E2801E72CB3FCE5009886B0 /* Project object */;
}
